
Microsoft Visual Studio Solution File, Format Version 12.00
# Visual Studio Version 17
VisualStudioVersion = 17.4.33205.214
MinimumVisualStudioVersion = 10.0.40219.1
Project("{FAE04EC0-301F-11D3-BF4B-00C04F79EFBC}") = "Tubes Pet Shop", "Tubes Pet Shop\Tubes Pet Shop.csproj", "{668EC073-2F89-4C93-B46D-AAF91AF3F955}"
EndProject
Global
	GlobalSection(SolutionConfigurationPlatforms) = preSolution
		Debug|Any CPU = Debug|Any CPU
		Release|Any CPU = Release|Any CPU
	EndGlobalSection
	GlobalSection(ProjectConfigurationPlatforms) = postSolution
		{668EC073-2F89-4C93-B46D-AAF91AF3F955}.Debug|Any CPU.ActiveCfg = Debug|Any CPU
		{668EC073-2F89-4C93-B46D-AAF91AF3F955}.Debug|Any CPU.Build.0 = Debug|Any CPU
		{668EC073-2F89-4C93-B46D-AAF91AF3F955}.Release|Any CPU.ActiveCfg = Release|Any CPU
		{668EC073-2F89-4C93-B46D-AAF91AF3F955}.Release|Any CPU.Build.0 = Release|Any CPU
	EndGlobalSection
	GlobalSection(SolutionProperties) = preSolution
		HideSolutionNode = FALSE
	EndGlobalSection
	GlobalSection(ExtensibilityGlobals) = postSolution
		SolutionGuid = {6CAF1CCE-AA92-48F0-84C1-4E1B99B7EB21}
	EndGlobalSection
EndGlobal
